
Microsoft Visual Studio Solution File, Format Version 12.00
# Visual Studio Version 17
VisualStudioVersion = 17.1.31911.260
MinimumVisualStudioVersion = 10.0.40219.1
Project("{FAE04EC0-301F-11D3-BF4B-00C04F79EFBC}") = "Progra2API", "Progra2API\Progra2API.csproj", "{32BF4092-4075-4610-9F54-F09958836A59}"
EndProject
Global
	GlobalSection(SolutionConfigurationPlatforms) = preSolution
		Debug|Any CPU = Debug|Any CPU
		Release|Any CPU = Release|Any CPU
	EndGlobalSection
	GlobalSection(ProjectConfigurationPlatforms) = postSolution
		{32BF4092-4075-4610-9F54-F09958836A59}.Debug|Any CPU.ActiveCfg = Debug|Any CPU
		{32BF4092-4075-4610-9F54-F09958836A59}.Debug|Any CPU.Build.0 = Debug|Any CPU
		{32BF4092-4075-4610-9F54-F09958836A59}.Release|Any CPU.ActiveCfg = Release|Any CPU
		{32BF4092-4075-4610-9F54-F09958836A59}.Release|Any CPU.Build.0 = Release|Any CPU
	EndGlobalSection
	GlobalSection(SolutionProperties) = preSolution
		HideSolutionNode = FALSE
	EndGlobalSection
	GlobalSection(ExtensibilityGlobals) = postSolution
		SolutionGuid = {C45EB4D4-6052-4F3C-AE63-59BDC8D31C08}
	EndGlobalSection
EndGlobal
